
Microsoft Visual Studio Solution File, Format Version 12.00
# Visual Studio Version 17
VisualStudioVersion = 17.5.33627.172
MinimumVisualStudioVersion = 10.0.40219.1
Project("{FAE04EC0-301F-11D3-BF4B-00C04F79EFBC}") = "Form_Loading", "Form_Loading.csproj", "{88017E28-7198-4F45-A6DC-19C69EBB2499}"
EndProject
Global
	GlobalSection(SolutionConfigurationPlatforms) = preSolution
		Debug|Any CPU = Debug|Any CPU
		Release|Any CPU = Release|Any CPU
	EndGlobalSection
	GlobalSection(ProjectConfigurationPlatforms) = postSolution
		{88017E28-7198-4F45-A6DC-19C69EBB2499}.Debug|Any CPU.ActiveCfg = Debug|Any CPU
		{88017E28-7198-4F45-A6DC-19C69EBB2499}.Debug|Any CPU.Build.0 = Debug|Any CPU
		{88017E28-7198-4F45-A6DC-19C69EBB2499}.Release|Any CPU.ActiveCfg = Release|Any CPU
		{88017E28-7198-4F45-A6DC-19C69EBB2499}.Release|Any CPU.Build.0 = Release|Any CPU
	EndGlobalSection
	GlobalSection(SolutionProperties) = preSolution
		HideSolutionNode = FALSE
	EndGlobalSection
	GlobalSection(ExtensibilityGlobals) = postSolution
		SolutionGuid = {01C9D964-E241-498C-820A-C5A64934429D}
	EndGlobalSection
EndGlobal
